// !$*UTF8*$!
{
	archiveVersion = 1;
	classes = {
	};
	objectVersion = 46;
	objects = {

/* Begin PBXBuildFile section */
		1510452B1419A0F2001D8E43 /* Nu.m in Sources */ = {isa = PBXBuildFile; fileRef = 1510452A1419A0F2001D8E43 /* Nu.m */; };
		151045331419A6AF001D8E43 /* ffi.c in Sources */ = {isa = PBXBuildFile; fileRef = 1510452E1419A6AF001D8E43 /* ffi.c */; };
		151045341419A6AF001D8E43 /* ffi.S in Sources */ = {isa = PBXBuildFile; fileRef = 151045301419A6AF001D8E43 /* ffi.S */; };
		151045351419A6AF001D8E43 /* LICENSE in Resources */ = {isa = PBXBuildFile; fileRef = 151045311419A6AF001D8E43 /* LICENSE */; };
		151045361419A6AF001D8E43 /* README.markdown in Resources */ = {isa = PBXBuildFile; fileRef = 151045321419A6AF001D8E43 /* README.markdown */; };
		1510453D1419A83E001D8E43 /* librmi.a in Frameworks */ = {isa = PBXBuildFile; fileRef = 151045211419A05F001D8E43 /* librmi.a */; };
		1518E3301422EEFC00EBA817 /* main.nu in Resources */ = {isa = PBXBuildFile; fileRef = 1518E32F1422EEFC00EBA817 /* main.nu */; };
		1518E37B1422FE3700EBA817 /* NuREPLController.h in Headers */ = {isa = PBXBuildFile; fileRef = 153923F11421C45500C8789F /* NuREPLController.h */; settings = {ATTRIBUTES = (Public, ); }; };
		153923F31421C45500C8789F /* NuREPLController.m in Sources */ = {isa = PBXBuildFile; fileRef = 153923F21421C45500C8789F /* NuREPLController.m */; };
		155A19A71419AA5C00772521 /* CFNetwork.framework in Frameworks */ = {isa = PBXBuildFile; fileRef = 155A19A61419AA5C00772521 /* CFNetwork.framework */; };
		159455C61421D3E0009D1DC9 /* Foundation.framework in Frameworks */ = {isa = PBXBuildFile; fileRef = 15F5F0C01411B84C00D0C295 /* Foundation.framework */; };
		159455CC1421D3E0009D1DC9 /* nurepl.m in Sources */ = {isa = PBXBuildFile; fileRef = 159455CB1421D3E0009D1DC9 /* nurepl.m */; };
		159455D21421D42A009D1DC9 /* NuREPLController.m in Sources */ = {isa = PBXBuildFile; fileRef = 153923F21421C45500C8789F /* NuREPLController.m */; };
		159455D31421D42A009D1DC9 /* ffi.c in Sources */ = {isa = PBXBuildFile; fileRef = 1510452E1419A6AF001D8E43 /* ffi.c */; };
		159455D41421D42A009D1DC9 /* ffi.S in Sources */ = {isa = PBXBuildFile; fileRef = 151045301419A6AF001D8E43 /* ffi.S */; };
		159455D51421D42A009D1DC9 /* Nu.m in Sources */ = {isa = PBXBuildFile; fileRef = 1510452A1419A0F2001D8E43 /* Nu.m */; };
		159455D61421D430009D1DC9 /* librmi.a in Frameworks */ = {isa = PBXBuildFile; fileRef = 151045211419A05F001D8E43 /* librmi.a */; };
		159455D71421D43A009D1DC9 /* CFNetwork.framework in Frameworks */ = {isa = PBXBuildFile; fileRef = 155A19A61419AA5C00772521 /* CFNetwork.framework */; };
		159455D81421D43A009D1DC9 /* UIKit.framework in Frameworks */ = {isa = PBXBuildFile; fileRef = 15F5F0BE1411B84C00D0C295 /* UIKit.framework */; };
		159455D91421D43A009D1DC9 /* CoreGraphics.framework in Frameworks */ = {isa = PBXBuildFile; fileRef = 15F5F0C21411B84C00D0C295 /* CoreGraphics.framework */; };
		15F5F0BF1411B84C00D0C295 /* UIKit.framework in Frameworks */ = {isa = PBXBuildFile; fileRef = 15F5F0BE1411B84C00D0C295 /* UIKit.framework */; };
		15F5F0C11411B84C00D0C295 /* Foundation.framework in Frameworks */ = {isa = PBXBuildFile; fileRef = 15F5F0C01411B84C00D0C295 /* Foundation.framework */; };
		15F5F0C31411B84C00D0C295 /* CoreGraphics.framework in Frameworks */ = {isa = PBXBuildFile; fileRef = 15F5F0C21411B84C00D0C295 /* CoreGraphics.framework */; };
		15F5F0C91411B84C00D0C295 /* InfoPlist.strings in Resources */ = {isa = PBXBuildFile; fileRef = 15F5F0C71411B84C00D0C295 /* InfoPlist.strings */; };
		15F5F0CB1411B84C00D0C295 /* main.m in Sources */ = {isa = PBXBuildFile; fileRef = 15F5F0CA1411B84C00D0C295 /* main.m */; };
		15F5F0CF1411B84C00D0C295 /* nu_replAppDelegate.m in Sources */ = {isa = PBXBuildFile; fileRef = 15F5F0CE1411B84C00D0C295 /* nu_replAppDelegate.m */; };
		15F5F0D21411B84C00D0C295 /* MainWindow.xib in Resources */ = {isa = PBXBuildFile; fileRef = 15F5F0D01411B84C00D0C295 /* MainWindow.xib */; };
		15F5F0D51411B84C00D0C295 /* RootViewController.m in Sources */ = {isa = PBXBuildFile; fileRef = 15F5F0D41411B84C00D0C295 /* RootViewController.m */; };
		15F5F0D81411B84C00D0C295 /* RootViewController.xib in Resources */ = {isa = PBXBuildFile; fileRef = 15F5F0D61411B84C00D0C295 /* RootViewController.xib */; };
/* End PBXBuildFile section */

/* Begin PBXContainerItemProxy section */
		1510451E1419A05F001D8E43 /* PBXContainerItemProxy */ = {
			isa = PBXContainerItemProxy;
			containerPortal = 151045151419A05F001D8E43 /* rmi.xcodeproj */;
			proxyType = 2;
			remoteGlobalIDString = 1D6058910D05DD3D006BFB54;
			remoteInfo = "rmi-test";
		};
		151045201419A05F001D8E43 /* PBXContainerItemProxy */ = {
			isa = PBXContainerItemProxy;
			containerPortal = 151045151419A05F001D8E43 /* rmi.xcodeproj */;
			proxyType = 2;
			remoteGlobalIDString = 15B964E213898CC00026141E;
			remoteInfo = rmi;
		};
		1510453B1419A834001D8E43 /* PBXContainerItemProxy */ = {
			isa = PBXContainerItemProxy;
			containerPortal = 151045151419A05F001D8E43 /* rmi.xcodeproj */;
			proxyType = 1;
			remoteGlobalIDString = 15B964E113898CC00026141E;
			remoteInfo = rmi;
		};
		159455D01421D408009D1DC9 /* PBXContainerItemProxy */ = {
			isa = PBXContainerItemProxy;
			containerPortal = 151045151419A05F001D8E43 /* rmi.xcodeproj */;
			proxyType = 1;
			remoteGlobalIDString = 15B964E113898CC00026141E;
			remoteInfo = rmi;
		};
/* End PBXContainerItemProxy section */

/* Begin PBXFileReference section */
		151045151419A05F001D8E43 /* rmi.xcodeproj */ = {isa = PBXFileReference; lastKnownFileType = "wrapper.pb-project"; name = rmi.xcodeproj; path = lib/rmi/rmi.xcodeproj; sourceTree = SOURCE_ROOT; };
		151045291419A0F2001D8E43 /* Nu.h */ = {isa = PBXFileReference; fileEncoding = 4; lastKnownFileType = sourcecode.c.h; name = Nu.h; path = lib/nu/objc/Nu.h; sourceTree = SOURCE_ROOT; };
		1510452A1419A0F2001D8E43 /* Nu.m */ = {isa = PBXFileReference; fileEncoding = 4; lastKnownFileType = sourcecode.c.objc; name = Nu.m; path = lib/nu/objc/Nu.m; sourceTree = SOURCE_ROOT; };
		1510452E1419A6AF001D8E43 /* ffi.c */ = {isa = PBXFileReference; fileEncoding = 4; lastKnownFileType = sourcecode.c.c; path = ffi.c; sourceTree = "<group>"; };
		1510452F1419A6AF001D8E43 /* ffi.h */ = {isa = PBXFileReference; fileEncoding = 4; lastKnownFileType = sourcecode.c.h; path = ffi.h; sourceTree = "<group>"; };
		151045301419A6AF001D8E43 /* ffi.S */ = {isa = PBXFileReference; fileEncoding = 4; lastKnownFileType = sourcecode.asm; path = ffi.S; sourceTree = "<group>"; };
		151045311419A6AF001D8E43 /* LICENSE */ = {isa = PBXFileReference; fileEncoding = 4; lastKnownFileType = text; path = LICENSE; sourceTree = "<group>"; };
		151045321419A6AF001D8E43 /* README.markdown */ = {isa = PBXFileReference; fileEncoding = 4; lastKnownFileType = text; path = README.markdown; sourceTree = "<group>"; };
		1518E32B1422E9DA00EBA817 /* scratch.nu */ = {isa = PBXFileReference; fileEncoding = 4; lastKnownFileType = text; path = scratch.nu; sourceTree = "<group>"; };
		1518E32F1422EEFC00EBA817 /* main.nu */ = {isa = PBXFileReference; fileEncoding = 4; lastKnownFileType = text; path = main.nu; sourceTree = "<group>"; };
		1518E38E1423032D00EBA817 /* README.markdown */ = {isa = PBXFileReference; lastKnownFileType = text; path = README.markdown; sourceTree = "<group>"; };
		152CBDFC14230D5000A7972F /* Pass To Nu-repl.workflow */ = {isa = PBXFileReference; lastKnownFileType = wrapper; path = "Pass To Nu-repl.workflow"; sourceTree = "<group>"; };
		152CBDFD14230D5000A7972F /* README */ = {isa = PBXFileReference; lastKnownFileType = text; path = README; sourceTree = "<group>"; };
		153923F11421C45500C8789F /* NuREPLController.h */ = {isa = PBXFileReference; fileEncoding = 4; lastKnownFileType = sourcecode.c.h; path = NuREPLController.h; sourceTree = "<group>"; };
		153923F21421C45500C8789F /* NuREPLController.m */ = {isa = PBXFileReference; fileEncoding = 4; lastKnownFileType = sourcecode.c.objc; path = NuREPLController.m; sourceTree = "<group>"; };
		155A19A61419AA5C00772521 /* CFNetwork.framework */ = {isa = PBXFileReference; lastKnownFileType = wrapper.framework; name = CFNetwork.framework; path = System/Library/Frameworks/CFNetwork.framework; sourceTree = SDKROOT; };
		159455C51421D3E0009D1DC9 /* libnurepl.a */ = {isa = PBXFileReference; explicitFileType = archive.ar; includeInIndex = 0; path = libnurepl.a; sourceTree = BUILT_PRODUCTS_DIR; };
		159455C91421D3E0009D1DC9 /* nurepl-Prefix.pch */ = {isa = PBXFileReference; lastKnownFileType = sourcecode.c.h; path = "nurepl-Prefix.pch"; sourceTree = "<group>"; };
		159455CA1421D3E0009D1DC9 /* nurepl.h */ = {isa = PBXFileReference; lastKnownFileType = sourcecode.c.h; path = nurepl.h; sourceTree = "<group>"; };
		159455CB1421D3E0009D1DC9 /* nurepl.m */ = {isa = PBXFileReference; lastKnownFileType = sourcecode.c.objc; path = nurepl.m; sourceTree = "<group>"; };
		15F5F0BA1411B84C00D0C295 /* nu-repl.app */ = {isa = PBXFileReference; explicitFileType = wrapper.application; includeInIndex = 0; path = "nu-repl.app"; sourceTree = BUILT_PRODUCTS_DIR; };
		15F5F0BE1411B84C00D0C295 /* UIKit.framework */ = {isa = PBXFileReference; lastKnownFileType = wrapper.framework; name = UIKit.framework; path = System/Library/Frameworks/UIKit.framework; sourceTree = SDKROOT; };
		15F5F0C01411B84C00D0C295 /* Foundation.framework */ = {isa = PBXFileReference; lastKnownFileType = wrapper.framework; name = Foundation.framework; path = System/Library/Frameworks/Foundation.framework; sourceTree = SDKROOT; };
		15F5F0C21411B84C00D0C295 /* CoreGraphics.framework */ = {isa = PBXFileReference; lastKnownFileType = wrapper.framework; name = CoreGraphics.framework; path = System/Library/Frameworks/CoreGraphics.framework; sourceTree = SDKROOT; };
		15F5F0C61411B84C00D0C295 /* nu-repl-Info.plist */ = {isa = PBXFileReference; lastKnownFileType = text.plist.xml; path = "nu-repl-Info.plist"; sourceTree = "<group>"; };
		15F5F0C81411B84C00D0C295 /* en */ = {isa = PBXFileReference; lastKnownFileType = text.plist.strings; name = en; path = en.lproj/InfoPlist.strings; sourceTree = "<group>"; };
		15F5F0CA1411B84C00D0C295 /* main.m */ = {isa = PBXFileReference; lastKnownFileType = sourcecode.c.objc; path = main.m; sourceTree = "<group>"; };
		15F5F0CC1411B84C00D0C295 /* nu-repl-Prefix.pch */ = {isa = PBXFileReference; lastKnownFileType = sourcecode.c.h; path = "nu-repl-Prefix.pch"; sourceTree = "<group>"; };
		15F5F0CD1411B84C00D0C295 /* nu_replAppDelegate.h */ = {isa = PBXFileReference; lastKnownFileType = sourcecode.c.h; path = nu_replAppDelegate.h; sourceTree = "<group>"; };
		15F5F0CE1411B84C00D0C295 /* nu_replAppDelegate.m */ = {isa = PBXFileReference; lastKnownFileType = sourcecode.c.objc; path = nu_replAppDelegate.m; sourceTree = "<group>"; };
		15F5F0D11411B84C00D0C295 /* en */ = {isa = PBXFileReference; lastKnownFileType = file.xib; name = en; path = en.lproj/MainWindow.xib; sourceTree = "<group>"; };
		15F5F0D31411B84C00D0C295 /* RootViewController.h */ = {isa = PBXFileReference; lastKnownFileType = sourcecode.c.h; path = RootViewController.h; sourceTree = "<group>"; };
		15F5F0D41411B84C00D0C295 /* RootViewController.m */ = {isa = PBXFileReference; lastKnownFileType = sourcecode.c.objc; path = RootViewController.m; sourceTree = "<group>"; };
		15F5F0D71411B84C00D0C295 /* en */ = {isa = PBXFileReference; lastKnownFileType = file.xib; name = en; path = en.lproj/RootViewController.xib; sourceTree = "<group>"; };
/* End PBXFileReference section */

/* Begin PBXFrameworksBuildPhase section */
		159455C21421D3E0009D1DC9 /* Frameworks */ = {
			isa = PBXFrameworksBuildPhase;
			buildActionMask = 2147483647;
			files = (
				159455D61421D430009D1DC9 /* librmi.a in Frameworks */,
				159455C61421D3E0009D1DC9 /* Foundation.framework in Frameworks */,
				159455D71421D43A009D1DC9 /* CFNetwork.framework in Frameworks */,
				159455D81421D43A009D1DC9 /* UIKit.framework in Frameworks */,
				159455D91421D43A009D1DC9 /* CoreGraphics.framework in Frameworks */,
			);
			runOnlyForDeploymentPostprocessing = 0;
		};
		15F5F0B71411B84C00D0C295 /* Frameworks */ = {
			isa = PBXFrameworksBuildPhase;
			buildActionMask = 2147483647;
			files = (
				155A19A71419AA5C00772521 /* CFNetwork.framework in Frameworks */,
				1510453D1419A83E001D8E43 /* librmi.a in Frameworks */,
				15F5F0BF1411B84C00D0C295 /* UIKit.framework in Frameworks */,
				15F5F0C11411B84C00D0C295 /* Foundation.framework in Frameworks */,
				15F5F0C31411B84C00D0C295 /* CoreGraphics.framework in Frameworks */,
			);
			runOnlyForDeploymentPostprocessing = 0;
		};
/* End PBXFrameworksBuildPhase section */

/* Begin PBXGroup section */
		151045141419A03B001D8E43 /* lib */ = {
			isa = PBXGroup;
			children = (
				1510452C1419A0F5001D8E43 /* nu */,
				151045151419A05F001D8E43 /* rmi.xcodeproj */,
			);
			name = lib;
			path = "nu-repl";
			sourceTree = "<group>";
		};
		151045161419A05F001D8E43 /* Products */ = {
			isa = PBXGroup;
			children = (
				1510451F1419A05F001D8E43 /* rmi.app */,
				151045211419A05F001D8E43 /* librmi.a */,
			);
			name = Products;
			sourceTree = "<group>";
		};
		1510452C1419A0F5001D8E43 /* nu */ = {
			isa = PBXGroup;
			children = (
				1510452D1419A6AF001D8E43 /* libffi */,
				151045291419A0F2001D8E43 /* Nu.h */,
				1510452A1419A0F2001D8E43 /* Nu.m */,
			);
			name = nu;
			sourceTree = "<group>";
		};
		1510452D1419A6AF001D8E43 /* libffi */ = {
			isa = PBXGroup;
			children = (
				1510452E1419A6AF001D8E43 /* ffi.c */,
				1510452F1419A6AF001D8E43 /* ffi.h */,
				151045301419A6AF001D8E43 /* ffi.S */,
				151045311419A6AF001D8E43 /* LICENSE */,
				151045321419A6AF001D8E43 /* README.markdown */,
			);
			name = libffi;
			path = lib/nu/libffi;
			sourceTree = SOURCE_ROOT;
		};
		152CBDFB14230D5000A7972F /* automator */ = {
			isa = PBXGroup;
			children = (
				152CBDFC14230D5000A7972F /* Pass To Nu-repl.workflow */,
				152CBDFD14230D5000A7972F /* README */,
			);
			path = automator;
			sourceTree = "<group>";
		};
		159455C71421D3E0009D1DC9 /* nurepl */ = {
			isa = PBXGroup;
			children = (
				159455CA1421D3E0009D1DC9 /* nurepl.h */,
				159455CB1421D3E0009D1DC9 /* nurepl.m */,
				159455C81421D3E0009D1DC9 /* Supporting Files */,
			);
			path = nurepl;
			sourceTree = "<group>";
		};
		159455C81421D3E0009D1DC9 /* Supporting Files */ = {
			isa = PBXGroup;
			children = (
				159455C91421D3E0009D1DC9 /* nurepl-Prefix.pch */,
			);
			name = "Supporting Files";
			sourceTree = "<group>";
		};
		15F5F0AF1411B84C00D0C295 = {
			isa = PBXGroup;
			children = (
				1518E38E1423032D00EBA817 /* README.markdown */,
				15F5F0C41411B84C00D0C295 /* nu-repl */,
				152CBDFB14230D5000A7972F /* automator */,
				151045141419A03B001D8E43 /* lib */,
				159455C71421D3E0009D1DC9 /* nurepl */,
				15F5F0BD1411B84C00D0C295 /* Frameworks */,
				15F5F0BB1411B84C00D0C295 /* Products */,
			);
			sourceTree = "<group>";
		};
		15F5F0BB1411B84C00D0C295 /* Products */ = {
			isa = PBXGroup;
			children = (
				15F5F0BA1411B84C00D0C295 /* nu-repl.app */,
				159455C51421D3E0009D1DC9 /* libnurepl.a */,
			);
			name = Products;
			sourceTree = "<group>";
		};
		15F5F0BD1411B84C00D0C295 /* Frameworks */ = {
			isa = PBXGroup;
			children = (
				155A19A61419AA5C00772521 /* CFNetwork.framework */,
				15F5F0BE1411B84C00D0C295 /* UIKit.framework */,
				15F5F0C01411B84C00D0C295 /* Foundation.framework */,
				15F5F0C21411B84C00D0C295 /* CoreGraphics.framework */,
			);
			name = Frameworks;
			sourceTree = "<group>";
		};
		15F5F0C41411B84C00D0C295 /* nu-repl */ = {
			isa = PBXGroup;
			children = (
				15F5F0CD1411B84C00D0C295 /* nu_replAppDelegate.h */,
				15F5F0CE1411B84C00D0C295 /* nu_replAppDelegate.m */,
				15F5F0D01411B84C00D0C295 /* MainWindow.xib */,
				15F5F0D31411B84C00D0C295 /* RootViewController.h */,
				15F5F0D41411B84C00D0C295 /* RootViewController.m */,
				15F5F0D61411B84C00D0C295 /* RootViewController.xib */,
				15F5F0C51411B84C00D0C295 /* Supporting Files */,
				153923F11421C45500C8789F /* NuREPLController.h */,
				153923F21421C45500C8789F /* NuREPLController.m */,
				1518E32B1422E9DA00EBA817 /* scratch.nu */,
				1518E32F1422EEFC00EBA817 /* main.nu */,
			);
			path = "nu-repl";
			sourceTree = "<group>";
		};
		15F5F0C51411B84C00D0C295 /* Supporting Files */ = {
			isa = PBXGroup;
			children = (
				15F5F0C61411B84C00D0C295 /* nu-repl-Info.plist */,
				15F5F0C71411B84C00D0C295 /* InfoPlist.strings */,
				15F5F0CA1411B84C00D0C295 /* main.m */,
				15F5F0CC1411B84C00D0C295 /* nu-repl-Prefix.pch */,
			);
			name = "Supporting Files";
			sourceTree = "<group>";
		};
/* End PBXGroup section */

/* Begin PBXHeadersBuildPhase section */
		159455C31421D3E0009D1DC9 /* Headers */ = {
			isa = PBXHeadersBuildPhase;
			buildActionMask = 2147483647;
			files = (
				1518E37B1422FE3700EBA817 /* NuREPLController.h in Headers */,
			);
			runOnlyForDeploymentPostprocessing = 0;
		};
/* End PBXHeadersBuildPhase section */

/* Begin PBXNativeTarget section */
		159455C41421D3E0009D1DC9 /* nurepl */ = {
			isa = PBXNativeTarget;
			buildConfigurationList = 159455CD1421D3E0009D1DC9 /* Build configuration list for PBXNativeTarget "nurepl" */;
			buildPhases = (
				159455C11421D3E0009D1DC9 /* Sources */,
				159455C21421D3E0009D1DC9 /* Frameworks */,
				159455C31421D3E0009D1DC9 /* Headers */,
			);
			buildRules = (
			);
			dependencies = (
				159455D11421D408009D1DC9 /* PBXTargetDependency */,
			);
			name = nurepl;
			productName = nurepl;
			productReference = 159455C51421D3E0009D1DC9 /* libnurepl.a */;
			productType = "com.apple.product-type.library.static";
		};
		15F5F0B91411B84C00D0C295 /* nu-repl */ = {
			isa = PBXNativeTarget;
			buildConfigurationList = 15F5F0DB1411B84C00D0C295 /* Build configuration list for PBXNativeTarget "nu-repl" */;
			buildPhases = (
				15F5F0B61411B84C00D0C295 /* Sources */,
				15F5F0B71411B84C00D0C295 /* Frameworks */,
				15F5F0B81411B84C00D0C295 /* Resources */,
			);
			buildRules = (
			);
			dependencies = (
				1510453C1419A834001D8E43 /* PBXTargetDependency */,
			);
			name = "nu-repl";
			productName = "nu-repl";
			productReference = 15F5F0BA1411B84C00D0C295 /* nu-repl.app */;
			productType = "com.apple.product-type.application";
		};
/* End PBXNativeTarget section */

/* Begin PBXProject section */
		15F5F0B11411B84C00D0C295 /* Project object */ = {
			isa = PBXProject;
			attributes = {
				ORGANIZATIONNAME = "Soma Creates";
			};
			buildConfigurationList = 15F5F0B41411B84C00D0C295 /* Build configuration list for PBXProject "nu-repl" */;
			compatibilityVersion = "Xcode 3.2";
			developmentRegion = English;
			hasScannedForEncodings = 0;
			knownRegions = (
				en,
			);
			mainGroup = 15F5F0AF1411B84C00D0C295;
			productRefGroup = 15F5F0BB1411B84C00D0C295 /* Products */;
			projectDirPath = "";
			projectReferences = (
				{
					ProductGroup = 151045161419A05F001D8E43 /* Products */;
					ProjectRef = 151045151419A05F001D8E43 /* rmi.xcodeproj */;
				},
			);
			projectRoot = "";
			targets = (
				15F5F0B91411B84C00D0C295 /* nu-repl */,
				159455C41421D3E0009D1DC9 /* nurepl */,
			);
		};
/* End PBXProject section */

/* Begin PBXReferenceProxy section */
		1510451F1419A05F001D8E43 /* rmi.app */ = {
			isa = PBXReferenceProxy;
			fileType = wrapper.application;
			path = rmi.app;
			remoteRef = 1510451E1419A05F001D8E43 /* PBXContainerItemProxy */;
			sourceTree = BUILT_PRODUCTS_DIR;
		};
		151045211419A05F001D8E43 /* librmi.a */ = {
			isa = PBXReferenceProxy;
			fileType = archive.ar;
			path = librmi.a;
			remoteRef = 151045201419A05F001D8E43 /* PBXContainerItemProxy */;
			sourceTree = BUILT_PRODUCTS_DIR;
		};
/* End PBXReferenceProxy section */

/* Begin PBXResourcesBuildPhase section */
		15F5F0B81411B84C00D0C295 /* Resources */ = {
			isa = PBXResourcesBuildPhase;
			buildActionMask = 2147483647;
			files = (
				15F5F0C91411B84C00D0C295 /* InfoPlist.strings in Resources */,
				15F5F0D21411B84C00D0C295 /* MainWindow.xib in Resources */,
				15F5F0D81411B84C00D0C295 /* RootViewController.xib in Resources */,
				151045351419A6AF001D8E43 /* LICENSE in Resources */,
				151045361419A6AF001D8E43 /* README.markdown in Resources */,
				1518E3301422EEFC00EBA817 /* main.nu in Resources */,
			);
			runOnlyForDeploymentPostprocessing = 0;
		};
/* End PBXResourcesBuildPhase section */

/* Begin PBXSourcesBuildPhase section */
		159455C11421D3E0009D1DC9 /* Sources */ = {
			isa = PBXSourcesBuildPhase;
			buildActionMask = 2147483647;
			files = (
				159455D21421D42A009D1DC9 /* NuREPLController.m in Sources */,
				159455D31421D42A009D1DC9 /* ffi.c in Sources */,
				159455D41421D42A009D1DC9 /* ffi.S in Sources */,
				159455D51421D42A009D1DC9 /* Nu.m in Sources */,
				159455CC1421D3E0009D1DC9 /* nurepl.m in Sources */,
			);
			runOnlyForDeploymentPostprocessing = 0;
		};
		15F5F0B61411B84C00D0C295 /* Sources */ = {
			isa = PBXSourcesBuildPhase;
			buildActionMask = 2147483647;
			files = (
				15F5F0CB1411B84C00D0C295 /* main.m in Sources */,
				15F5F0CF1411B84C00D0C295 /* nu_replAppDelegate.m in Sources */,
				15F5F0D51411B84C00D0C295 /* RootViewController.m in Sources */,
				1510452B1419A0F2001D8E43 /* Nu.m in Sources */,
				151045331419A6AF001D8E43 /* ffi.c in Sources */,
				151045341419A6AF001D8E43 /* ffi.S in Sources */,
				153923F31421C45500C8789F /* NuREPLController.m in Sources */,
			);
			runOnlyForDeploymentPostprocessing = 0;
		};
/* End PBXSourcesBuildPhase section */

/* Begin PBXTargetDependency section */
		1510453C1419A834001D8E43 /* PBXTargetDependency */ = {
			isa = PBXTargetDependency;
			name = rmi;
			targetProxy = 1510453B1419A834001D8E43 /* PBXContainerItemProxy */;
		};
		159455D11421D408009D1DC9 /* PBXTargetDependency */ = {
			isa = PBXTargetDependency;
			name = rmi;
			targetProxy = 159455D01421D408009D1DC9 /* PBXContainerItemProxy */;
		};
/* End PBXTargetDependency section */

/* Begin PBXVariantGroup section */
		15F5F0C71411B84C00D0C295 /* InfoPlist.strings */ = {
			isa = PBXVariantGroup;
			children = (
				15F5F0C81411B84C00D0C295 /* en */,
			);
			name = InfoPlist.strings;
			sourceTree = "<group>";
		};
		15F5F0D01411B84C00D0C295 /* MainWindow.xib */ = {
			isa = PBXVariantGroup;
			children = (
				15F5F0D11411B84C00D0C295 /* en */,
			);
			name = MainWindow.xib;
			sourceTree = "<group>";
		};
		15F5F0D61411B84C00D0C295 /* RootViewController.xib */ = {
			isa = PBXVariantGroup;
			children = (
				15F5F0D71411B84C00D0C295 /* en */,
			);
			name = RootViewController.xib;
			sourceTree = "<group>";
		};
/* End PBXVariantGroup section */

/* Begin XCBuildConfiguration section */
		159455CE1421D3E0009D1DC9 /* Debug */ = {
			isa = XCBuildConfiguration;
			buildSettings = {
				ALWAYS_SEARCH_USER_PATHS = NO;
				DSTROOT = /tmp/nurepl.dst;
				GCC_PRECOMPILE_PREFIX_HEADER = YES;
				GCC_PREFIX_HEADER = "nurepl/nurepl-Prefix.pch";
				IPHONEOS_DEPLOYMENT_TARGET = 5.0;
				OTHER_LDFLAGS = "-ObjC";
				PRODUCT_NAME = "$(TARGET_NAME)";
				SKIP_INSTALL = YES;
			};
			name = Debug;
		};
		159455CF1421D3E0009D1DC9 /* Release */ = {
			isa = XCBuildConfiguration;
			buildSettings = {
				ALWAYS_SEARCH_USER_PATHS = NO;
				DSTROOT = /tmp/nurepl.dst;
				GCC_PRECOMPILE_PREFIX_HEADER = YES;
				GCC_PREFIX_HEADER = "nurepl/nurepl-Prefix.pch";
				IPHONEOS_DEPLOYMENT_TARGET = 5.0;
				OTHER_LDFLAGS = "-ObjC";
				PRODUCT_NAME = "$(TARGET_NAME)";
				SKIP_INSTALL = YES;
			};
			name = Release;
		};
		15F5F0D91411B84C00D0C295 /* Debug */ = {
			isa = XCBuildConfiguration;
			buildSettings = {
				ALWAYS_SEARCH_USER_PATHS = YES;
				ARCHS = "$(ARCHS_STANDARD_32_BIT)";
				"CODE_SIGN_IDENTITY[sdk=iphoneos*]" = "iPhone Developer";
				COPY_PHASE_STRIP = NO;
				FRAMEWORK_SEARCH_PATHS = "";
				GCC_C_LANGUAGE_STANDARD = gnu99;
				GCC_DYNAMIC_NO_PIC = NO;
				GCC_OPTIMIZATION_LEVEL = 0;
				GCC_PREPROCESSOR_DEFINITIONS = (
					"DEBUG=1",
					"$(inherited)",
				);
				GCC_SYMBOLS_PRIVATE_EXTERN = NO;
				GCC_VERSION = com.apple.compilers.llvm.clang.1_0;
				GCC_WARN_ABOUT_MISSING_PROTOTYPES = YES;
				GCC_WARN_ABOUT_RETURN_TYPE = YES;
				GCC_WARN_UNUSED_VARIABLE = YES;
				IPHONEOS_DEPLOYMENT_TARGET = 4.3;
				OTHER_CFLAGS = "";
				SDKROOT = iphoneos;
				USER_HEADER_SEARCH_PATHS = "./lib/**";
			};
			name = Debug;
		};
		15F5F0DA1411B84C00D0C295 /* Release */ = {
			isa = XCBuildConfiguration;
			buildSettings = {
				ALWAYS_SEARCH_USER_PATHS = YES;
				ARCHS = "$(ARCHS_STANDARD_32_BIT)";
				"CODE_SIGN_IDENTITY[sdk=iphoneos*]" = "iPhone Developer";
				COPY_PHASE_STRIP = YES;
				FRAMEWORK_SEARCH_PATHS = "";
				GCC_C_LANGUAGE_STANDARD = gnu99;
				GCC_VERSION = com.apple.compilers.llvm.clang.1_0;
				GCC_WARN_ABOUT_MISSING_PROTOTYPES = YES;
				GCC_WARN_ABOUT_RETURN_TYPE = YES;
				GCC_WARN_UNUSED_VARIABLE = YES;
				IPHONEOS_DEPLOYMENT_TARGET = 4.3;
				OTHER_CFLAGS = "-DNS_BLOCK_ASSERTIONS=1";
				SDKROOT = iphoneos;
				USER_HEADER_SEARCH_PATHS = "./lib/**";
				VALIDATE_PRODUCT = YES;
			};
			name = Release;
		};
		15F5F0DC1411B84C00D0C295 /* Debug */ = {
			isa = XCBuildConfiguration;
			buildSettings = {
				GCC_PRECOMPILE_PREFIX_HEADER = YES;
				GCC_PREFIX_HEADER = "nu-repl/nu-repl-Prefix.pch";
				INFOPLIST_FILE = "nu-repl/nu-repl-Info.plist";
				PRODUCT_NAME = "$(TARGET_NAME)";
				WRAPPER_EXTENSION = app;
			};
			name = Debug;
		};
		15F5F0DD1411B84C00D0C295 /* Release */ = {
			isa = XCBuildConfiguration;
			buildSettings = {
				GCC_PRECOMPILE_PREFIX_HEADER = YES;
				GCC_PREFIX_HEADER = "nu-repl/nu-repl-Prefix.pch";
				INFOPLIST_FILE = "nu-repl/nu-repl-Info.plist";
				PRODUCT_NAME = "$(TARGET_NAME)";
				WRAPPER_EXTENSION = app;
			};
			name = Release;
		};
/* End XCBuildConfiguration section */

/* Begin XCConfigurationList section */
		159455CD1421D3E0009D1DC9 /* Build configuration list for PBXNativeTarget "nurepl" */ = {
			isa = XCConfigurationList;
			buildConfigurations = (
				159455CE1421D3E0009D1DC9 /* Debug */,
				159455CF1421D3E0009D1DC9 /* Release */,
			);
			defaultConfigurationIsVisible = 0;
			defaultConfigurationName = Release;
		};
		15F5F0B41411B84C00D0C295 /* Build configuration list for PBXProject "nu-repl" */ = {
			isa = XCConfigurationList;
			buildConfigurations = (
				15F5F0D91411B84C00D0C295 /* Debug */,
				15F5F0DA1411B84C00D0C295 /* Release */,
			);
			defaultConfigurationIsVisible = 0;
			defaultConfigurationName = Release;
		};
		15F5F0DB1411B84C00D0C295 /* Build configuration list for PBXNativeTarget "nu-repl" */ = {
			isa = XCConfigurationList;
			buildConfigurations = (
				15F5F0DC1411B84C00D0C295 /* Debug */,
				15F5F0DD1411B84C00D0C295 /* Release */,
			);
			defaultConfigurationIsVisible = 0;
			defaultConfigurationName = Release;
		};
/* End XCConfigurationList section */
	};
	rootObject = 15F5F0B11411B84C00D0C295 /* Project object */;
}
